
Microsoft Visual Studio Solution File, Format Version 12.00
# Visual Studio Version 16
VisualStudioVersion = 16.0.30611.23
MinimumVisualStudioVersion = 10.0.40219.1
Project("{9A19103F-16F7-4668-BE54-9A1E7A4F7556}") = "Ex02", "Ex02\Ex02.csproj", "{ACAB24EF-64DD-4F57-8020-C4E9A9CD3DA4}"
EndProject
Project("{9A19103F-16F7-4668-BE54-9A1E7A4F7556}") = "Ex02.Services.Interfaces", "Ex02.Services.Interfaces\Ex02.Services.Interfaces.csproj", "{B3E9EC7C-4746-4594-AC0A-53734574C22E}"
EndProject
Project("{9A19103F-16F7-4668-BE54-9A1E7A4F7556}") = "Ex02.Services", "Ex02.Services\Ex02.Services.csproj", "{CFAD1685-C189-40C6-9110-FFA55F2856F6}"
EndProject
Global
	GlobalSection(SolutionConfigurationPlatforms) = preSolution
		Debug|Any CPU = Debug|Any CPU
		Release|Any CPU = Release|Any CPU
	EndGlobalSection
	GlobalSection(ProjectConfigurationPlatforms) = postSolution
		{ACAB24EF-64DD-4F57-8020-C4E9A9CD3DA4}.Debug|Any CPU.ActiveCfg = Debug|Any CPU
		{ACAB24EF-64DD-4F57-8020-C4E9A9CD3DA4}.Debug|Any CPU.Build.0 = Debug|Any CPU
		{ACAB24EF-64DD-4F57-8020-C4E9A9CD3DA4}.Release|Any CPU.ActiveCfg = Release|Any CPU
		{ACAB24EF-64DD-4F57-8020-C4E9A9CD3DA4}.Release|Any CPU.Build.0 = Release|Any CPU
		{B3E9EC7C-4746-4594-AC0A-53734574C22E}.Debug|Any CPU.ActiveCfg = Debug|Any CPU
		{B3E9EC7C-4746-4594-AC0A-53734574C22E}.Debug|Any CPU.Build.0 = Debug|Any CPU
		{B3E9EC7C-4746-4594-AC0A-53734574C22E}.Release|Any CPU.ActiveCfg = Release|Any CPU
		{B3E9EC7C-4746-4594-AC0A-53734574C22E}.Release|Any CPU.Build.0 = Release|Any CPU
		{CFAD1685-C189-40C6-9110-FFA55F2856F6}.Debug|Any CPU.ActiveCfg = Debug|Any CPU
		{CFAD1685-C189-40C6-9110-FFA55F2856F6}.Debug|Any CPU.Build.0 = Debug|Any CPU
		{CFAD1685-C189-40C6-9110-FFA55F2856F6}.Release|Any CPU.ActiveCfg = Release|Any CPU
		{CFAD1685-C189-40C6-9110-FFA55F2856F6}.Release|Any CPU.Build.0 = Release|Any CPU
	EndGlobalSection
	GlobalSection(SolutionProperties) = preSolution
		HideSolutionNode = FALSE
	EndGlobalSection
	GlobalSection(ExtensibilityGlobals) = postSolution
		SolutionGuid = {B7A8BA81-8288-458F-8113-B193690E27A8}
	EndGlobalSection
EndGlobal
