
Microsoft Visual Studio Solution File, Format Version 12.00
# Visual Studio Version 16
VisualStudioVersion = 16.0.30717.126
MinimumVisualStudioVersion = 10.0.40219.1
Project("{9A19103F-16F7-4668-BE54-9A1E7A4F7556}") = "Ex04", "Ex04\Ex04.csproj", "{32DD3FA0-4AD7-4B45-A8C4-919547D71976}"
EndProject
Project("{9A19103F-16F7-4668-BE54-9A1E7A4F7556}") = "Ex04.DataAccess", "Ex04.DataAccess\Ex04.DataAccess.csproj", "{D72B5447-81C3-40AA-A649-BC20246814CC}"
EndProject
Project("{9A19103F-16F7-4668-BE54-9A1E7A4F7556}") = "Ex04.DataAccess.Example2", "Ex04.DataAccess.Example2\Ex04.DataAccess.Example2.csproj", "{3CCFFDCF-A2C5-43C5-8D5A-8686C1AD0D29}"
EndProject
Project("{9A19103F-16F7-4668-BE54-9A1E7A4F7556}") = "Ex04.Dtos", "Ex04.Dtos\Ex04.Dtos.csproj", "{D079572B-34F6-4F49-9B2D-6D4A3B8797B1}"
EndProject
Project("{9A19103F-16F7-4668-BE54-9A1E7A4F7556}") = "Ex04.Services", "Ex04.Services\Ex04.Services.csproj", "{D5527C77-85AF-4372-9FAB-CB7C72353647}"
EndProject
Global
	GlobalSection(SolutionConfigurationPlatforms) = preSolution
		Debug|Any CPU = Debug|Any CPU
		Release|Any CPU = Release|Any CPU
	EndGlobalSection
	GlobalSection(ProjectConfigurationPlatforms) = postSolution
		{32DD3FA0-4AD7-4B45-A8C4-919547D71976}.Debug|Any CPU.ActiveCfg = Debug|Any CPU
		{32DD3FA0-4AD7-4B45-A8C4-919547D71976}.Debug|Any CPU.Build.0 = Debug|Any CPU
		{32DD3FA0-4AD7-4B45-A8C4-919547D71976}.Release|Any CPU.ActiveCfg = Release|Any CPU
		{32DD3FA0-4AD7-4B45-A8C4-919547D71976}.Release|Any CPU.Build.0 = Release|Any CPU
		{D72B5447-81C3-40AA-A649-BC20246814CC}.Debug|Any CPU.ActiveCfg = Debug|Any CPU
		{D72B5447-81C3-40AA-A649-BC20246814CC}.Debug|Any CPU.Build.0 = Debug|Any CPU
		{D72B5447-81C3-40AA-A649-BC20246814CC}.Release|Any CPU.ActiveCfg = Release|Any CPU
		{D72B5447-81C3-40AA-A649-BC20246814CC}.Release|Any CPU.Build.0 = Release|Any CPU
		{3CCFFDCF-A2C5-43C5-8D5A-8686C1AD0D29}.Debug|Any CPU.ActiveCfg = Debug|Any CPU
		{3CCFFDCF-A2C5-43C5-8D5A-8686C1AD0D29}.Debug|Any CPU.Build.0 = Debug|Any CPU
		{3CCFFDCF-A2C5-43C5-8D5A-8686C1AD0D29}.Release|Any CPU.ActiveCfg = Release|Any CPU
		{3CCFFDCF-A2C5-43C5-8D5A-8686C1AD0D29}.Release|Any CPU.Build.0 = Release|Any CPU
		{D079572B-34F6-4F49-9B2D-6D4A3B8797B1}.Debug|Any CPU.ActiveCfg = Debug|Any CPU
		{D079572B-34F6-4F49-9B2D-6D4A3B8797B1}.Debug|Any CPU.Build.0 = Debug|Any CPU
		{D079572B-34F6-4F49-9B2D-6D4A3B8797B1}.Release|Any CPU.ActiveCfg = Release|Any CPU
		{D079572B-34F6-4F49-9B2D-6D4A3B8797B1}.Release|Any CPU.Build.0 = Release|Any CPU
		{D5527C77-85AF-4372-9FAB-CB7C72353647}.Debug|Any CPU.ActiveCfg = Debug|Any CPU
		{D5527C77-85AF-4372-9FAB-CB7C72353647}.Debug|Any CPU.Build.0 = Debug|Any CPU
		{D5527C77-85AF-4372-9FAB-CB7C72353647}.Release|Any CPU.ActiveCfg = Release|Any CPU
		{D5527C77-85AF-4372-9FAB-CB7C72353647}.Release|Any CPU.Build.0 = Release|Any CPU
	EndGlobalSection
	GlobalSection(SolutionProperties) = preSolution
		HideSolutionNode = FALSE
	EndGlobalSection
	GlobalSection(ExtensibilityGlobals) = postSolution
		SolutionGuid = {E602F056-94AE-4AEB-98C4-F744EE36429D}
	EndGlobalSection
EndGlobal
